
Microsoft Visual Studio Solution File, Format Version 12.00
# Visual Studio 2012
Project("{FAE04EC0-301F-11D3-BF4B-00C04F79EFBC}") = "Code", "Code\Code.csproj", "{4981CFE4-2D1D-4955-A821-1DC4B1866727}"
EndProject
Project("{FAE04EC0-301F-11D3-BF4B-00C04F79EFBC}") = "Tests", "Tests\Tests.csproj", "{C5BA5E65-4C5E-42C4-9455-FE40F886E500}"
EndProject
Global
	GlobalSection(SolutionConfigurationPlatforms) = preSolution
		Debug|Any CPU = Debug|Any CPU
		Release|Any CPU = Release|Any CPU
	EndGlobalSection
	GlobalSection(ProjectConfigurationPlatforms) = postSolution
		{4981CFE4-2D1D-4955-A821-1DC4B1866727}.Debug|Any CPU.ActiveCfg = Debug|Any CPU
		{4981CFE4-2D1D-4955-A821-1DC4B1866727}.Debug|Any CPU.Build.0 = Debug|Any CPU
		{4981CFE4-2D1D-4955-A821-1DC4B1866727}.Release|Any CPU.ActiveCfg = Release|Any CPU
		{4981CFE4-2D1D-4955-A821-1DC4B1866727}.Release|Any CPU.Build.0 = Release|Any CPU
		{C5BA5E65-4C5E-42C4-9455-FE40F886E500}.Debug|Any CPU.ActiveCfg = Debug|Any CPU
		{C5BA5E65-4C5E-42C4-9455-FE40F886E500}.Debug|Any CPU.Build.0 = Debug|Any CPU
		{C5BA5E65-4C5E-42C4-9455-FE40F886E500}.Release|Any CPU.ActiveCfg = Release|Any CPU
		{C5BA5E65-4C5E-42C4-9455-FE40F886E500}.Release|Any CPU.Build.0 = Release|Any CPU
	EndGlobalSection
	GlobalSection(SolutionProperties) = preSolution
		HideSolutionNode = FALSE
	EndGlobalSection
EndGlobal
